{
  "name": "test-chrome-extension",
  "version": "1.0.0",
  "lockfileVersion": 2,
  "requires": true,
  "packages": {
    "": {
      "version": "1.0.0",
      "license": "ISC",
      "dependencies": {
        "@types/chrome": "^0.0.166"
      }
    },
    "node_modules/@types/chrome": {
      "version": "0.0.166",
      "resolved": "https://npm.corp.kuaishou.com/@types%2fchrome/-/chrome-0.0.166.tgz",
      "integrity": "sha512-6ra7JF5jrBVdEIEpAj5dWD6myAhUi1rImLy02l+FTPy2BBUzAGphdoakWrJ8vhIka0qGrvrsmRNJsryB/N4PMg==",
      "license": "MIT",
      "dependencies": {
        "@types/filesystem": "*",
        "@types/har-format": "*"
      }
    },
    "node_modules/@types/filesystem": {
      "version": "0.0.32",
      "resolved": "https://npm.corp.kuaishou.com/@types%2ffilesystem/-/filesystem-0.0.32.tgz",
      "integrity": "sha1-MH33zAhKIpPDwaMRUbF4Bj4Kjt8=",
      "license": "MIT",
      "dependencies": {
        "@types/filewriter": "*"
      }
    },
    "node_modules/@types/filewriter": {
      "version": "0.0.29",
      "resolved": "https://npm.corp.kuaishou.com/@types%2ffilewriter/-/filewriter-0.0.29.tgz",
      "integrity": "sha1-pIeV7K35V/bA0Q4MNK+GwJj6W+4=",
      "license": "MIT"
    },
    "node_modules/@types/har-format": {
      "version": "1.2.8",
      "resolved": "https://npm.corp.kuaishou.com/@types%2fhar-format/-/har-format-1.2.8.tgz",
      "integrity": "sha1-5pCLdtTIi+PbZChGu4tFXwv7HE4=",
      "license": "MIT"
    }
  },
  "dependencies": {
    "@types/chrome": {
      "version": "0.0.166",
      "resolved": "https://npm.corp.kuaishou.com/@types%2fchrome/-/chrome-0.0.166.tgz",
      "integrity": "sha512-6ra7JF5jrBVdEIEpAj5dWD6myAhUi1rImLy02l+FTPy2BBUzAGphdoakWrJ8vhIka0qGrvrsmRNJsryB/N4PMg==",
      "requires": {
        "@types/filesystem": "*",
        "@types/har-format": "*"
      }
    },
    "@types/filesystem": {
      "version": "0.0.32",
      "resolved": "https://npm.corp.kuaishou.com/@types%2ffilesystem/-/filesystem-0.0.32.tgz",
      "integrity": "sha1-MH33zAhKIpPDwaMRUbF4Bj4Kjt8=",
      "requires": {
        "@types/filewriter": "*"
      }
    },
    "@types/filewriter": {
      "version": "0.0.29",
      "resolved": "https://npm.corp.kuaishou.com/@types%2ffilewriter/-/filewriter-0.0.29.tgz",
      "integrity": "sha1-pIeV7K35V/bA0Q4MNK+GwJj6W+4="
    },
    "@types/har-format": {
      "version": "1.2.8",
      "resolved": "https://npm.corp.kuaishou.com/@types%2fhar-format/-/har-format-1.2.8.tgz",
      "integrity": "sha1-5pCLdtTIi+PbZChGu4tFXwv7HE4="
    }
  }
}
